dependencies:
  esp-sr:
    dependencies: []
    source:
      path: F:\well-e-bot\walle_ear_s3\components\esp-sr
      type: local
    version: 2.4.4
  espressif/cjson:
    component_hash: e788323270d90738662d66fffa910bfe1fba019bba087f01557e70c40485b469
    dependencies:
    - name: idf
      require: private
      version: '>=5.0'
    source:
      registry_url: https://components.espressif.com/
      type: service
    version: 1.7.19~2
  espressif/dl_fft:
    component_hash: ced3cf28cc70452b7859c06f4e5059215167254a2047e34c893d6f501ccd6ea2
    dependencies:
    - name: idf
      require: private
      version: '>=5.0'
    source:
      registry_url: https://components.espressif.com/
      type: service
    version: 0.4.0
  espressif/esp-dsp:
    component_hash: 12e44db246517a627bc0fe2b255b8335410c0215c98bfba2df5a8e3edea839ef
    dependencies:
    - name: idf
      require: private
      version: '>=4.2'
    source:
      registry_url: https://components.espressif.com/
      type: service
    version: 1.8.0
  espressif/esp_tinyusb:
    component_hash: 8e57a14ac14d8e4d4588b5b9222977b96475323bcebae3c838919bb4e8587887
    dependencies:
    - name: idf
      require: private
      version: '>=5.0'
    - name: espressif/tinyusb
      registry_url: https://components.espressif.com
      require: public
      version: '>=0.17.0~2'
    source:
      registry_url: https://components.espressif.com/
      type: service
    targets:
    - esp32s2
    - esp32s3
    - esp32p4
    - esp32h4
    - esp32s31
    version: 2.2.0
  espressif/tinyusb:
    component_hash: a40b7f67df6ac254a4afd96c6401cc56f2059ae747d6d7e66b568bca53ad0edc
    dependencies:
    - name: idf
      require: private
      version: '>=5.0'
    source:
      registry_url: https://components.espressif.com
      type: service
    targets:
    - esp32s2
    - esp32s3
    - esp32p4
    - esp32h4
    - esp32s31
    version: 0.19.0~3
  idf:
    source:
      type: idf
    version: 5.5.4
direct_dependencies:
- espressif/cjson
- espressif/dl_fft
- espressif/esp-dsp
- espressif/esp-sr
- espressif/esp_tinyusb
- idf
manifest_hash: 2142e450c7837b0635a2201f21f7239c4b1aa0757d8a978042801c36ddbcd0e8
target: esp32s3
version: 2.0.0
